
Microsoft Visual Studio Solution File, Format Version 12.00
# Visual Studio Version 17
VisualStudioVersion = 17.3.32929.385
MinimumVisualStudioVersion = 10.0.40219.1
Project("{2150E333-8FDC-42A3-9474-1A3956D46DE8}") = "Marketplace", "Marketplace", "{9CE90CE0-1514-4BDF-B9A2-4B1B5D21ADD7}"
EndProject
Project("{9A19103F-16F7-4668-BE54-9A1E7A4F7556}") = "Marketplace.UI", "Marketplace\Marketplace.UI\Marketplace.UI.csproj", "{2EE70161-8031-4386-87AD-C5AB0E831EA4}"
EndProject
Project("{2150E333-8FDC-42A3-9474-1A3956D46DE8}") = "Catalog", "Catalog", "{CBBB1ED1-ED6D-416C-9C75-8438F266A50A}"
EndProject
Project("{9A19103F-16F7-4668-BE54-9A1E7A4F7556}") = "Catalog.API", "Catalog\Catalog.API\Catalog.API.csproj", "{A075FABB-2C85-4F51-8543-638975C27B87}"
EndProject
Project("{9A19103F-16F7-4668-BE54-9A1E7A4F7556}") = "Catalog.Core", "Catalog\Catalog.Core\Catalog.Core.csproj", "{AD940AEB-0A91-4C44-AB12-0EF94B090268}"
EndProject
Project("{9A19103F-16F7-4668-BE54-9A1E7A4F7556}") = "Marketplace.UI.Core", "Marketplace\Marketplace.UI.Core\Marketplace.UI.Core.csproj", "{7202781C-AFE2-4720-81BE-F20B9ECD980A}"
EndProject
Project("{9A19103F-16F7-4668-BE54-9A1E7A4F7556}") = "Catalog.DataAccess", "Catalog\Catalog.DataAccess\Catalog.DataAccess.csproj", "{D6581D30-AA51-49CD-B66E-5A1734F2E8CD}"
EndProject
Project("{2150E333-8FDC-42A3-9474-1A3956D46DE8}") = "Infrastructure", "Infrastructure", "{F81CAD27-52B6-4EB0-BFAF-3A94326E5297}"
EndProject
Project("{9A19103F-16F7-4668-BE54-9A1E7A4F7556}") = "Infrastructure", "Infrastructure\Infrastructure.csproj", "{06747A89-1715-42EF-8483-D61450B4E9E0}"
EndProject
Project("{2150E333-8FDC-42A3-9474-1A3956D46DE8}") = "Solution Items", "Solution Items", "{3C5A8486-404F-4B15-9C5D-D27F213DAD5C}"
	ProjectSection(SolutionItems) = preProject
		.editorconfig = .editorconfig
	EndProjectSection
EndProject
Project("{2150E333-8FDC-42A3-9474-1A3956D46DE8}") = "Basket", "Basket", "{60D9B07C-971E-419E-9D35-A0444CC2B1AE}"
EndProject
Project("{9A19103F-16F7-4668-BE54-9A1E7A4F7556}") = "Basket.Core", "Basket\Basket.Core\Basket.Core.csproj", "{6C16A5E1-031B-43E5-A35A-BD3B7299BF74}"
EndProject
Project("{9A19103F-16F7-4668-BE54-9A1E7A4F7556}") = "Basket.DataAccess", "Basket\Basket.DataAccess\Basket.DataAccess.csproj", "{EE0114F3-F2FF-4E25-9800-15D0DB408027}"
EndProject
Project("{9A19103F-16F7-4668-BE54-9A1E7A4F7556}") = "Basket.API", "Basket\Basket.API\Basket.API.csproj", "{C66A5B8A-F481-4B8E-BD79-C83D886AD730}"
EndProject
Global
	GlobalSection(SolutionConfigurationPlatforms) = preSolution
		Debug|Any CPU = Debug|Any CPU
		Release|Any CPU = Release|Any CPU
	EndGlobalSection
	GlobalSection(ProjectConfigurationPlatforms) = postSolution
		{2EE70161-8031-4386-87AD-C5AB0E831EA4}.Debug|Any CPU.ActiveCfg = Debug|Any CPU
		{2EE70161-8031-4386-87AD-C5AB0E831EA4}.Debug|Any CPU.Build.0 = Debug|Any CPU
		{2EE70161-8031-4386-87AD-C5AB0E831EA4}.Release|Any CPU.ActiveCfg = Release|Any CPU
		{2EE70161-8031-4386-87AD-C5AB0E831EA4}.Release|Any CPU.Build.0 = Release|Any CPU
		{A075FABB-2C85-4F51-8543-638975C27B87}.Debug|Any CPU.ActiveCfg = Debug|Any CPU
		{A075FABB-2C85-4F51-8543-638975C27B87}.Debug|Any CPU.Build.0 = Debug|Any CPU
		{A075FABB-2C85-4F51-8543-638975C27B87}.Release|Any CPU.ActiveCfg = Release|Any CPU
		{A075FABB-2C85-4F51-8543-638975C27B87}.Release|Any CPU.Build.0 = Release|Any CPU
		{AD940AEB-0A91-4C44-AB12-0EF94B090268}.Debug|Any CPU.ActiveCfg = Debug|Any CPU
		{AD940AEB-0A91-4C44-AB12-0EF94B090268}.Debug|Any CPU.Build.0 = Debug|Any CPU
		{AD940AEB-0A91-4C44-AB12-0EF94B090268}.Release|Any CPU.ActiveCfg = Release|Any CPU
		{AD940AEB-0A91-4C44-AB12-0EF94B090268}.Release|Any CPU.Build.0 = Release|Any CPU
		{7202781C-AFE2-4720-81BE-F20B9ECD980A}.Debug|Any CPU.ActiveCfg = Debug|Any CPU
		{7202781C-AFE2-4720-81BE-F20B9ECD980A}.Debug|Any CPU.Build.0 = Debug|Any CPU
		{7202781C-AFE2-4720-81BE-F20B9ECD980A}.Release|Any CPU.ActiveCfg = Release|Any CPU
		{7202781C-AFE2-4720-81BE-F20B9ECD980A}.Release|Any CPU.Build.0 = Release|Any CPU
		{D6581D30-AA51-49CD-B66E-5A1734F2E8CD}.Debug|Any CPU.ActiveCfg = Debug|Any CPU
		{D6581D30-AA51-49CD-B66E-5A1734F2E8CD}.Debug|Any CPU.Build.0 = Debug|Any CPU
		{D6581D30-AA51-49CD-B66E-5A1734F2E8CD}.Release|Any CPU.ActiveCfg = Release|Any CPU
		{D6581D30-AA51-49CD-B66E-5A1734F2E8CD}.Release|Any CPU.Build.0 = Release|Any CPU
		{06747A89-1715-42EF-8483-D61450B4E9E0}.Debug|Any CPU.ActiveCfg = Debug|Any CPU
		{06747A89-1715-42EF-8483-D61450B4E9E0}.Debug|Any CPU.Build.0 = Debug|Any CPU
		{06747A89-1715-42EF-8483-D61450B4E9E0}.Release|Any CPU.ActiveCfg = Release|Any CPU
		{06747A89-1715-42EF-8483-D61450B4E9E0}.Release|Any CPU.Build.0 = Release|Any CPU
		{6C16A5E1-031B-43E5-A35A-BD3B7299BF74}.Debug|Any CPU.ActiveCfg = Debug|Any CPU
		{6C16A5E1-031B-43E5-A35A-BD3B7299BF74}.Debug|Any CPU.Build.0 = Debug|Any CPU
		{6C16A5E1-031B-43E5-A35A-BD3B7299BF74}.Release|Any CPU.ActiveCfg = Release|Any CPU
		{6C16A5E1-031B-43E5-A35A-BD3B7299BF74}.Release|Any CPU.Build.0 = Release|Any CPU
		{EE0114F3-F2FF-4E25-9800-15D0DB408027}.Debug|Any CPU.ActiveCfg = Debug|Any CPU
		{EE0114F3-F2FF-4E25-9800-15D0DB408027}.Debug|Any CPU.Build.0 = Debug|Any CPU
		{EE0114F3-F2FF-4E25-9800-15D0DB408027}.Release|Any CPU.ActiveCfg = Release|Any CPU
		{EE0114F3-F2FF-4E25-9800-15D0DB408027}.Release|Any CPU.Build.0 = Release|Any CPU
		{C66A5B8A-F481-4B8E-BD79-C83D886AD730}.Debug|Any CPU.ActiveCfg = Debug|Any CPU
		{C66A5B8A-F481-4B8E-BD79-C83D886AD730}.Debug|Any CPU.Build.0 = Debug|Any CPU
		{C66A5B8A-F481-4B8E-BD79-C83D886AD730}.Release|Any CPU.ActiveCfg = Release|Any CPU
		{C66A5B8A-F481-4B8E-BD79-C83D886AD730}.Release|Any CPU.Build.0 = Release|Any CPU
	EndGlobalSection
	GlobalSection(SolutionProperties) = preSolution
		HideSolutionNode = FALSE
	EndGlobalSection
	GlobalSection(NestedProjects) = preSolution
		{2EE70161-8031-4386-87AD-C5AB0E831EA4} = {9CE90CE0-1514-4BDF-B9A2-4B1B5D21ADD7}
		{A075FABB-2C85-4F51-8543-638975C27B87} = {CBBB1ED1-ED6D-416C-9C75-8438F266A50A}
		{AD940AEB-0A91-4C44-AB12-0EF94B090268} = {CBBB1ED1-ED6D-416C-9C75-8438F266A50A}
		{7202781C-AFE2-4720-81BE-F20B9ECD980A} = {9CE90CE0-1514-4BDF-B9A2-4B1B5D21ADD7}
		{D6581D30-AA51-49CD-B66E-5A1734F2E8CD} = {CBBB1ED1-ED6D-416C-9C75-8438F266A50A}
		{06747A89-1715-42EF-8483-D61450B4E9E0} = {F81CAD27-52B6-4EB0-BFAF-3A94326E5297}
		{6C16A5E1-031B-43E5-A35A-BD3B7299BF74} = {60D9B07C-971E-419E-9D35-A0444CC2B1AE}
		{EE0114F3-F2FF-4E25-9800-15D0DB408027} = {60D9B07C-971E-419E-9D35-A0444CC2B1AE}
		{C66A5B8A-F481-4B8E-BD79-C83D886AD730} = {60D9B07C-971E-419E-9D35-A0444CC2B1AE}
	EndGlobalSection
	GlobalSection(ExtensibilityGlobals) = postSolution
		SolutionGuid = {0FD6D1BE-908F-404C-9F54-579FA4E87596}
	EndGlobalSection
EndGlobal
